{
  "name": "new_for_react",
  "version": "1.0.0",
  "lockfileVersion": 1,
  "requires": true,
  "dependencies": {
    "d3-array": {
      "version": "2.3.3",
      "resolved": "https://registry.npm.taobao.org/d3-array/download/d3-array-2.3.3.tgz",
      "integrity": "sha1-6Qw5+67czt9Z/DBHMJL5mg4U76I="
    },
    "d3-path": {
      "version": "1.0.8",
      "resolved": "https://registry.npm.taobao.org/d3-path/download/d3-path-1.0.8.tgz",
      "integrity": "sha1-SgYGp5TRBFE+xKivQ1JfN0snhxk="
    },
    "d3-sankey": {
      "version": "0.12.3",
      "resolved": "https://registry.npm.taobao.org/d3-sankey/download/d3-sankey-0.12.3.tgz",
      "integrity": "sha1-s8JoYnvXLl2AM26N5qy/7J0V0B0=",
      "requires": {
        "d3-array": "1 - 2",
        "d3-shape": "^1.2.0"
      }
    },
    "d3-shape": {
      "version": "1.3.5",
      "resolved": "https://registry.npm.taobao.org/d3-shape/download/d3-shape-1.3.5.tgz",
      "integrity": "sha1-6BrqWUD1nwp5z8ysASIyqJh8YDM=",
      "requires": {
        "d3-path": "1"
      }
    }
  }
}
